// !$*UTF8*$!
{
	archiveVersion = 1;
	classes = {
	};
	objectVersion = 77;
	objects = {

/* Begin PBXContainerItemProxy section */
		C9D5FE8A2F4C3A8300BA777F /* PBXContainerItemProxy */ = {
			isa = PBXContainerItemProxy;
			containerPortal = C9D5FE682F4C3A8000BA777F /* Project object */;
			proxyType = 1;
			remoteGlobalIDString = C9D5FE6F2F4C3A8000BA777F;
			remoteInfo = GitTest;
		};
		C9D5FE942F4C3A8300BA777F /* PBXContainerItemProxy */ = {
			isa = PBXContainerItemProxy;
			containerPortal = C9D5FE682F4C3A8000BA777F /* Project object */;
			proxyType = 1;
			remoteGlobalIDString = C9D5FE6F2F4C3A8000BA777F;
			remoteInfo = GitTest;
		};
/* End PBXContainerItemProxy section */

/* Begin PBXFileReference section */
		C9D5FE702F4C3A8000BA777F /* GitTest.app */ = {isa = PBXFileReference; explicitFileType = wrapper.application; includeInIndex = 0; path = GitTest.app; sourceTree = BUILT_PRODUCTS_DIR; };
		C9D5FE892F4C3A8300BA777F /* GitTestTests.xctest */ = {isa = PBXFileReference; explicitFileType = wrapper.cfbundle; includeInIndex = 0; path = GitTestTests.xctest; sourceTree = BUILT_PRODUCTS_DIR; };
		C9D5FE932F4C3A8300BA777F /* GitTestUITests.xctest */ = {isa = PBXFileReference; explicitFileType = wrapper.cfbundle; includeInIndex = 0; path = GitTestUITests.xctest; sourceTree = BUILT_PRODUCTS_DIR; };
/* End PBXFileReference section */

/* Begin PBXFileSystemSynchronizedBuildFileExceptionSet section */
		C9D5FE9B2F4C3A8300BA777F /* Exceptions for "GitTest" folder in "GitTest" target */ = {
			isa = PBXFileSystemSynchronizedBuildFileExceptionSet;
			membershipExceptions = (
				Info.plist,
			);
			target = C9D5FE6F2F4C3A8000BA777F /* GitTest */;
		};
/* End PBXFileSystemSynchronizedBuildFileExceptionSet section */

/* Begin PBXFileSystemSynchronizedRootGroup section */
		C9D5FE722F4C3A8000BA777F /* GitTest */ = {
			isa = PBXFileSystemSynchronizedRootGroup;
			exceptions = (
				C9D5FE9B2F4C3A8300BA777F /* Exceptions for "GitTest" folder in "GitTest" target */,
			);
			path = GitTest;
			sourceTree = "<group>";
		};
		C9D5FE8C2F4C3A8300BA777F /* GitTestTests */ = {
			isa = PBXFileSystemSynchronizedRootGroup;
			path = GitTestTests;
			sourceTree = "<group>";
		};
		C9D5FE962F4C3A8300BA777F /* GitTestUITests */ = {
			isa = PBXFileSystemSynchronizedRootGroup;
			path = GitTestUITests;
			sourceTree = "<group>";
		};
/* End PBXFileSystemSynchronizedRootGroup section */

/* Begin PBXFrameworksBuildPhase section */
		C9D5FE6D2F4C3A8000BA777F /* Frameworks */ = {
			isa = PBXFrameworksBuildPhase;
			buildActionMask = 2147483647;
			files = (
			);
			runOnlyForDeploymentPostprocessing = 0;
		};
		C9D5FE862F4C3A8300BA777F /* Frameworks */ = {
			isa = PBXFrameworksBuildPhase;
			buildActionMask = 2147483647;
			files = (
			);
			runOnlyForDeploymentPostprocessing = 0;
		};
		C9D5FE902F4C3A8300BA777F /* Frameworks */ = {
			isa = PBXFrameworksBuildPhase;
			buildActionMask = 2147483647;
			files = (
			);
			runOnlyForDeploymentPostprocessing = 0;
		};
/* End PBXFrameworksBuildPhase section */

/* Begin PBXGroup section */
		C9D5FE672F4C3A8000BA777F = {
			isa = PBXGroup;
			children = (
				C9D5FE722F4C3A8000BA777F /* GitTest */,
				C9D5FE8C2F4C3A8300BA777F /* GitTestTests */,
				C9D5FE962F4C3A8300BA777F /* GitTestUITests */,
				C9D5FE712F4C3A8000BA777F /* Products */,
			);
			sourceTree = "<group>";
		};
		C9D5FE712F4C3A8000BA777F /* Products */ = {
			isa = PBXGroup;
			children = (
				C9D5FE702F4C3A8000BA777F /* GitTest.app */,
				C9D5FE892F4C3A8300BA777F /* GitTestTests.xctest */,
				C9D5FE932F4C3A8300BA777F /* GitTestUITests.xctest */,
			);
			name = Products;
			sourceTree = "<group>";
		};
/* End PBXGroup section */

/* Begin PBXNativeTarget section */
		C9D5FE6F2F4C3A8000BA777F /* GitTest */ = {
			isa = PBXNativeTarget;
			buildConfigurationList = C9D5FE9C2F4C3A8300BA777F /* Build configuration list for PBXNativeTarget "GitTest" */;
			buildPhases = (
				C9D5FE6C2F4C3A8000BA777F /* Sources */,
				C9D5FE6D2F4C3A8000BA777F /* Frameworks */,
				C9D5FE6E2F4C3A8000BA777F /* Resources */,
			);
			buildRules = (
			);
			dependencies = (
			);
			fileSystemSynchronizedGroups = (
				C9D5FE722F4C3A8000BA777F /* GitTest */,
			);
			name = GitTest;
			packageProductDependencies = (
			);
			productName = GitTest;
			productReference = C9D5FE702F4C3A8000BA777F /* GitTest.app */;
			productType = "com.apple.product-type.application";
		};
		C9D5FE882F4C3A8300BA777F /* GitTestTests */ = {
			isa = PBXNativeTarget;
			buildConfigurationList = C9D5FEA12F4C3A8300BA777F /* Build configuration list for PBXNativeTarget "GitTestTests" */;
			buildPhases = (
				C9D5FE852F4C3A8300BA777F /* Sources */,
				C9D5FE862F4C3A8300BA777F /* Frameworks */,
				C9D5FE872F4C3A8300BA777F /* Resources */,
			);
			buildRules = (
			);
			dependencies = (
				C9D5FE8B2F4C3A8300BA777F /* PBXTargetDependency */,
			);
			fileSystemSynchronizedGroups = (
				C9D5FE8C2F4C3A8300BA777F /* GitTestTests */,
			);
			name = GitTestTests;
			packageProductDependencies = (
			);
			productName = GitTestTests;
			productReference = C9D5FE892F4C3A8300BA777F /* GitTestTests.xctest */;
			productType = "com.apple.product-type.bundle.unit-test";
		};
		C9D5FE922F4C3A8300BA777F /* GitTestUITests */ = {
			isa = PBXNativeTarget;
			buildConfigurationList = C9D5FEA42F4C3A8300BA777F /* Build configuration list for PBXNativeTarget "GitTestUITests" */;
			buildPhases = (
				C9D5FE8F2F4C3A8300BA777F /* Sources */,
				C9D5FE902F4C3A8300BA777F /* Frameworks */,
				C9D5FE912F4C3A8300BA777F /* Resources */,
			);
			buildRules = (
			);
			dependencies = (
				C9D5FE952F4C3A8300BA777F /* PBXTargetDependency */,
			);
			fileSystemSynchronizedGroups = (
				C9D5FE962F4C3A8300BA777F /* GitTestUITests */,
			);
			name = GitTestUITests;
			packageProductDependencies = (
			);
			productName = GitTestUITests;
			productReference = C9D5FE932F4C3A8300BA777F /* GitTestUITests.xctest */;
			productType = "com.apple.product-type.bundle.ui-testing";
		};
/* End PBXNativeTarget section */

/* Begin PBXProject section */
		C9D5FE682F4C3A8000BA777F /* Project object */ = {
			isa = PBXProject;
			attributes = {
				BuildIndependentTargetsInParallel = 1;
				LastSwiftUpdateCheck = 2620;
				LastUpgradeCheck = 2620;
				TargetAttributes = {
					C9D5FE6F2F4C3A8000BA777F = {
						CreatedOnToolsVersion = 26.2;
					};
					C9D5FE882F4C3A8300BA777F = {
						CreatedOnToolsVersion = 26.2;
						TestTargetID = C9D5FE6F2F4C3A8000BA777F;
					};
					C9D5FE922F4C3A8300BA777F = {
						CreatedOnToolsVersion = 26.2;
						TestTargetID = C9D5FE6F2F4C3A8000BA777F;
					};
				};
			};
			buildConfigurationList = C9D5FE6B2F4C3A8000BA777F /* Build configuration list for PBXProject "GitTest" */;
			developmentRegion = en;
			hasScannedForEncodings = 0;
			knownRegions = (
				en,
				Base,
			);
			mainGroup = C9D5FE672F4C3A8000BA777F;
			minimizedProjectReferenceProxies = 1;
			preferredProjectObjectVersion = 77;
			productRefGroup = C9D5FE712F4C3A8000BA777F /* Products */;
			projectDirPath = "";
			projectRoot = "";
			targets = (
				C9D5FE6F2F4C3A8000BA777F /* GitTest */,
				C9D5FE882F4C3A8300BA777F /* GitTestTests */,
				C9D5FE922F4C3A8300BA777F /* GitTestUITests */,
			);
		};
/* End PBXProject section */

/* Begin PBXResourcesBuildPhase section */
		C9D5FE6E2F4C3A8000BA777F /* Resources */ = {
			isa = PBXResourcesBuildPhase;
			buildActionMask = 2147483647;
			files = (
			);
			runOnlyForDeploymentPostprocessing = 0;
		};
		C9D5FE872F4C3A8300BA777F /* Resources */ = {
			isa = PBXResourcesBuildPhase;
			buildActionMask = 2147483647;
			files = (
			);
			runOnlyForDeploymentPostprocessing = 0;
		};
		C9D5FE912F4C3A8300BA777F /* Resources */ = {
			isa = PBXResourcesBuildPhase;
			buildActionMask = 2147483647;
			files = (
			);
			runOnlyForDeploymentPostprocessing = 0;
		};
/* End PBXResourcesBuildPhase section */

/* Begin PBXSourcesBuildPhase section */
		C9D5FE6C2F4C3A8000BA777F /* Sources */ = {
			isa = PBXSourcesBuildPhase;
			buildActionMask = 2147483647;
			files = (
			);
			runOnlyForDeploymentPostprocessing = 0;
		};
		C9D5FE852F4C3A8300BA777F /* Sources */ = {
			isa = PBXSourcesBuildPhase;
			buildActionMask = 2147483647;
			files = (
			);
			runOnlyForDeploymentPostprocessing = 0;
		};
		C9D5FE8F2F4C3A8300BA777F /* Sources */ = {
			isa = PBXSourcesBuildPhase;
			buildActionMask = 2147483647;
			files = (
			);
			runOnlyForDeploymentPostprocessing = 0;
		};
/* End PBXSourcesBuildPhase section */

/* Begin PBXTargetDependency section */
		C9D5FE8B2F4C3A8300BA777F /* PBXTargetDependency */ = {
			isa = PBXTargetDependency;
			target = C9D5FE6F2F4C3A8000BA777F /* GitTest */;
			targetProxy = C9D5FE8A2F4C3A8300BA777F /* PBXContainerItemProxy */;
		};
		C9D5FE952F4C3A8300BA777F /* PBXTargetDependency */ = {
			isa = PBXTargetDependency;
			target = C9D5FE6F2F4C3A8000BA777F /* GitTest */;
			targetProxy = C9D5FE942F4C3A8300BA777F /* PBXContainerItemProxy */;
		};
/* End PBXTargetDependency section */

/* Begin XCBuildConfiguration section */
		C9D5FE9D2F4C3A8300BA777F /* Debug */ = {
			isa = XCBuildConfiguration;
			buildSettings = {
				ASSETCATALOG_COMPILER_APPICON_NAME = AppIcon;
				ASSETCATALOG_COMPILER_GLOBAL_ACCENT_COLOR_NAME = AccentColor;
				CODE_SIGN_STYLE = Automatic;
				CURRENT_PROJECT_VERSION = 1;
				DEVELOPMENT_TEAM = AHAH2953SS;
				GENERATE_INFOPLIST_FILE = YES;
				INFOPLIST_FILE = GitTest/Info.plist;
				INFOPLIST_KEY_UIApplicationSupportsIndirectInputEvents = YES;
				INFOPLIST_KEY_UILaunchStoryboardName = LaunchScreen;
				INFOPLIST_KEY_UIMainStoryboardFile = Main;
				INFOPLIST_KEY_UISupportedInterfaceOrientations_iPad = "UIInterfaceOrientationPortrait UIInterfaceOrientationPortraitUpsideDown UIInterfaceOrientationLandscapeLeft UIInterfaceOrientationLandscapeRight";
				INFOPLIST_KEY_UISupportedInterfaceOrientations_iPhone = "UIInterfaceOrientationPortrait UIInterfaceOrientationLandscapeLeft UIInterfaceOrientationLandscapeRight";
				LD_RUNPATH_SEARCH_PATHS = (
					"$(inherited)",
					"@executable_path/Frameworks",
				);
				MARKETING_VERSION = 1.0;
				PRODUCT_BUNDLE_IDENTIFIER = com.sample.GitTest;
				PRODUCT_NAME = "$(TARGET_NAME)";
				STRING_CATALOG_GENERATE_SYMBOLS = YES;
				SWIFT_APPROACHABLE_CONCURRENCY = YES;
				SWIFT_DEFAULT_ACTOR_ISOLATION = MainActor;
				SWIFT_EMIT_LOC_STRINGS = YES;
				SWIFT_UPCOMING_FEATURE_MEMBER_IMPORT_VISIBILITY = YES;
				SWIFT_VERSION = 5.0;
				TARGETED_DEVICE_FAMILY = "1,2";
			};
			name = Debug;
		};
		C9D5FE9E2F4C3A8300BA777F /* Release */ = {
			isa = XCBuildConfiguration;
			buildSettings = {
				ASSETCATALOG_COMPILER_APPICON_NAME = AppIcon;
				ASSETCATALOG_COMPILER_GLOBAL_ACCENT_COLOR_NAME = AccentColor;
				CODE_SIGN_STYLE = Automatic;
				CURRENT_PROJECT_VERSION = 1;
				DEVELOPMENT_TEAM = AHAH2953SS;
				GENERATE_INFOPLIST_FILE = YES;
				INFOPLIST_FILE = GitTest/Info.plist;
				INFOPLIST_KEY_UIApplicationSupportsIndirectInputEvents = YES;
				INFOPLIST_KEY_UILaunchStoryboardName = LaunchScreen;
				INFOPLIST_KEY_UIMainStoryboardFile = Main;
				INFOPLIST_KEY_UISupportedInterfaceOrientations_iPad = "UIInterfaceOrientationPortrait UIInterfaceOrientationPortraitUpsideDown UIInterfaceOrientationLandscapeLeft UIInterfaceOrientationLandscapeRight";
				INFOPLIST_KEY_UISupportedInterfaceOrientations_iPhone = "UIInterfaceOrientationPortrait UIInterfaceOrientationLandscapeLeft UIInterfaceOrientationLandscapeRight";
				LD_RUNPATH_SEARCH_PATHS = (
					"$(inherited)",
					"@executable_path/Frameworks",
				);
				MARKETING_VERSION = 1.0;
				PRODUCT_BUNDLE_IDENTIFIER = com.sample.GitTest;
				PRODUCT_NAME = "$(TARGET_NAME)";
				STRING_CATALOG_GENERATE_SYMBOLS = YES;
				SWIFT_APPROACHABLE_CONCURRENCY = YES;
				SWIFT_DEFAULT_ACTOR_ISOLATION = MainActor;
				SWIFT_EMIT_LOC_STRINGS = YES;
				SWIFT_UPCOMING_FEATURE_MEMBER_IMPORT_VISIBILITY = YES;
				SWIFT_VERSION = 5.0;
				TARGETED_DEVICE_FAMILY = "1,2";
			};
			name = Release;
		};
		C9D5FE9F2F4C3A8300BA777F /* Debug */ = {
			isa = XCBuildConfiguration;
			buildSettings = {
				ALWAYS_SEARCH_USER_PATHS = NO;
				ASSETCATALOG_COMPILER_GENERATE_SWIFT_ASSET_SYMBOL_EXTENSIONS = YES;
				CLANG_ANALYZER_NONNULL = YES;
				CLANG_ANALYZER_NUMBER_OBJECT_CONVERSION = YES_AGGRESSIVE;
				CLANG_CXX_LANGUAGE_STANDARD = "gnu++20";
				CLANG_ENABLE_MODULES = YES;
				CLANG_ENABLE_OBJC_ARC = YES;
				CLANG_ENABLE_OBJC_WEAK = YES;
				CLANG_WARN_BLOCK_CAPTURE_AUTORELEASING = YES;
				CLANG_WARN_BOOL_CONVERSION = YES;
				CLANG_WARN_COMMA = YES;
				CLANG_WARN_CONSTANT_CONVERSION = YES;
				CLANG_WARN_DEPRECATED_OBJC_IMPLEMENTATIONS = YES;
				CLANG_WARN_DIRECT_OBJC_ISA_USAGE = YES_ERROR;
				CLANG_WARN_DOCUMENTATION_COMMENTS = YES;
				CLANG_WARN_EMPTY_BODY = YES;
				CLANG_WARN_ENUM_CONVERSION = YES;
				CLANG_WARN_INFINITE_RECURSION = YES;
				CLANG_WARN_INT_CONVERSION = YES;
				CLANG_WARN_NON_LITERAL_NULL_CONVERSION = YES;
				CLANG_WARN_OBJC_IMPLICIT_RETAIN_SELF = YES;
				CLANG_WARN_OBJC_LITERAL_CONVERSION = YES;
				CLANG_WARN_OBJC_ROOT_CLASS = YES_ERROR;
				CLANG_WARN_QUOTED_INCLUDE_IN_FRAMEWORK_HEADER = YES;
				CLANG_WARN_RANGE_LOOP_ANALYSIS = YES;
				CLANG_WARN_STRICT_PROTOTYPES = YES;
				CLANG_WARN_SUSPICIOUS_MOVE = YES;
				CLANG_WARN_UNGUARDED_AVAILABILITY = YES_AGGRESSIVE;
				CLANG_WARN_UNREACHABLE_CODE = YES;
				CLANG_WARN__DUPLICATE_METHOD_MATCH = YES;
				COPY_PHASE_STRIP = NO;
				DEBUG_INFORMATION_FORMAT = dwarf;
				DEVELOPMENT_TEAM = AHAH2953SS;
				ENABLE_STRICT_OBJC_MSGSEND = YES;
				ENABLE_TESTABILITY = YES;
				ENABLE_USER_SCRIPT_SANDBOXING = YES;
				GCC_C_LANGUAGE_STANDARD = gnu17;
				GCC_DYNAMIC_NO_PIC = NO;
				GCC_NO_COMMON_BLOCKS = YES;
				GCC_OPTIMIZATION_LEVEL = 0;
				GCC_PREPROCESSOR_DEFINITIONS = (
					"DEBUG=1",
					"$(inherited)",
				);
				GCC_WARN_64_TO_32_BIT_CONVERSION = YES;
				GCC_WARN_ABOUT_RETURN_TYPE = YES_ERROR;
				GCC_WARN_UNDECLARED_SELECTOR = YES;
				GCC_WARN_UNINITIALIZED_AUTOS = YES_AGGRESSIVE;
				GCC_WARN_UNUSED_FUNCTION = YES;
				GCC_WARN_UNUSED_VARIABLE = YES;
				IPHONEOS_DEPLOYMENT_TARGET = 26.2;
				LOCALIZATION_PREFERS_STRING_CATALOGS = YES;
				MTL_ENABLE_DEBUG_INFO = INCLUDE_SOURCE;
				MTL_FAST_MATH = YES;
				ONLY_ACTIVE_ARCH = YES;
				SDKROOT = iphoneos;
				SWIFT_ACTIVE_COMPILATION_CONDITIONS = "DEBUG $(inherited)";
				SWIFT_OPTIMIZATION_LEVEL = "-Onone";
			};
			name = Debug;
		};
		C9D5FEA02F4C3A8300BA777F /* Release */ = {
			isa = XCBuildConfiguration;
			buildSettings = {
				ALWAYS_SEARCH_USER_PATHS = NO;
				ASSETCATALOG_COMPILER_GENERATE_SWIFT_ASSET_SYMBOL_EXTENSIONS = YES;
				CLANG_ANALYZER_NONNULL = YES;
				CLANG_ANALYZER_NUMBER_OBJECT_CONVERSION = YES_AGGRESSIVE;
				CLANG_CXX_LANGUAGE_STANDARD = "gnu++20";
				CLANG_ENABLE_MODULES = YES;
				CLANG_ENABLE_OBJC_ARC = YES;
				CLANG_ENABLE_OBJC_WEAK = YES;
				CLANG_WARN_BLOCK_CAPTURE_AUTORELEASING = YES;
				CLANG_WARN_BOOL_CONVERSION = YES;
				CLANG_WARN_COMMA = YES;
				CLANG_WARN_CONSTANT_CONVERSION = YES;
				CLANG_WARN_DEPRECATED_OBJC_IMPLEMENTATIONS = YES;
				CLANG_WARN_DIRECT_OBJC_ISA_USAGE = YES_ERROR;
				CLANG_WARN_DOCUMENTATION_COMMENTS = YES;
				CLANG_WARN_EMPTY_BODY = YES;
				CLANG_WARN_ENUM_CONVERSION = YES;
				CLANG_WARN_INFINITE_RECURSION = YES;
				CLANG_WARN_INT_CONVERSION = YES;
				CLANG_WARN_NON_LITERAL_NULL_CONVERSION = YES;
				CLANG_WARN_OBJC_IMPLICIT_RETAIN_SELF = YES;
				CLANG_WARN_OBJC_LITERAL_CONVERSION = YES;
				CLANG_WARN_OBJC_ROOT_CLASS = YES_ERROR;
				CLANG_WARN_QUOTED_INCLUDE_IN_FRAMEWORK_HEADER = YES;
				CLANG_WARN_RANGE_LOOP_ANALYSIS = YES;
				CLANG_WARN_STRICT_PROTOTYPES = YES;
				CLANG_WARN_SUSPICIOUS_MOVE = YES;
				CLANG_WARN_UNGUARDED_AVAILABILITY = YES_AGGRESSIVE;
				CLANG_WARN_UNREACHABLE_CODE = YES;
				CLANG_WARN__DUPLICATE_METHOD_MATCH = YES;
				COPY_PHASE_STRIP = NO;
				DEBUG_INFORMATION_FORMAT = "dwarf-with-dsym";
				DEVELOPMENT_TEAM = AHAH2953SS;
				ENABLE_NS_ASSERTIONS = NO;
				ENABLE_STRICT_OBJC_MSGSEND = YES;
				ENABLE_USER_SCRIPT_SANDBOXING = YES;
				GCC_C_LANGUAGE_STANDARD = gnu17;
				GCC_NO_COMMON_BLOCKS = YES;
				GCC_WARN_64_TO_32_BIT_CONVERSION = YES;
				GCC_WARN_ABOUT_RETURN_TYPE = YES_ERROR;
				GCC_WARN_UNDECLARED_SELECTOR = YES;
				GCC_WARN_UNINITIALIZED_AUTOS = YES_AGGRESSIVE;
				GCC_WARN_UNUSED_FUNCTION = YES;
				GCC_WARN_UNUSED_VARIABLE = YES;
				IPHONEOS_DEPLOYMENT_TARGET = 26.2;
				LOCALIZATION_PREFERS_STRING_CATALOGS = YES;
				MTL_ENABLE_DEBUG_INFO = NO;
				MTL_FAST_MATH = YES;
				SDKROOT = iphoneos;
				SWIFT_COMPILATION_MODE = wholemodule;
				VALIDATE_PRODUCT = YES;
			};
			name = Release;
		};
		C9D5FEA22F4C3A8300BA777F /* Debug */ = {
			isa = XCBuildConfiguration;
			buildSettings = {
				BUNDLE_LOADER = "$(TEST_HOST)";
				CODE_SIGN_STYLE = Automatic;
				CURRENT_PROJECT_VERSION = 1;
				DEVELOPMENT_TEAM = AHAH2953SS;
				GENERATE_INFOPLIST_FILE = YES;
				IPHONEOS_DEPLOYMENT_TARGET = 26.2;
				MARKETING_VERSION = 1.0;
				PRODUCT_BUNDLE_IDENTIFIER = com.sample.GitTestTests;
				PRODUCT_NAME = "$(TARGET_NAME)";
				STRING_CATALOG_GENERATE_SYMBOLS = NO;
				SWIFT_APPROACHABLE_CONCURRENCY = YES;
				SWIFT_EMIT_LOC_STRINGS = NO;
				SWIFT_UPCOMING_FEATURE_MEMBER_IMPORT_VISIBILITY = YES;
				SWIFT_VERSION = 5.0;
				TARGETED_DEVICE_FAMILY = "1,2";
				TEST_HOST = "$(BUILT_PRODUCTS_DIR)/GitTest.app/$(BUNDLE_EXECUTABLE_FOLDER_PATH)/GitTest";
			};
			name = Debug;
		};
		C9D5FEA32F4C3A8300BA777F /* Release */ = {
			isa = XCBuildConfiguration;
			buildSettings = {
				BUNDLE_LOADER = "$(TEST_HOST)";
				CODE_SIGN_STYLE = Automatic;
				CURRENT_PROJECT_VERSION = 1;
				DEVELOPMENT_TEAM = AHAH2953SS;
				GENERATE_INFOPLIST_FILE = YES;
				IPHONEOS_DEPLOYMENT_TARGET = 26.2;
				MARKETING_VERSION = 1.0;
				PRODUCT_BUNDLE_IDENTIFIER = com.sample.GitTestTests;
				PRODUCT_NAME = "$(TARGET_NAME)";
				STRING_CATALOG_GENERATE_SYMBOLS = NO;
				SWIFT_APPROACHABLE_CONCURRENCY = YES;
				SWIFT_EMIT_LOC_STRINGS = NO;
				SWIFT_UPCOMING_FEATURE_MEMBER_IMPORT_VISIBILITY = YES;
				SWIFT_VERSION = 5.0;
				TARGETED_DEVICE_FAMILY = "1,2";
				TEST_HOST = "$(BUILT_PRODUCTS_DIR)/GitTest.app/$(BUNDLE_EXECUTABLE_FOLDER_PATH)/GitTest";
			};
			name = Release;
		};
		C9D5FEA52F4C3A8300BA777F /* Debug */ = {
			isa = XCBuildConfiguration;
			buildSettings = {
				CODE_SIGN_STYLE = Automatic;
				CURRENT_PROJECT_VERSION = 1;
				DEVELOPMENT_TEAM = AHAH2953SS;
				GENERATE_INFOPLIST_FILE = YES;
				MARKETING_VERSION = 1.0;
				PRODUCT_BUNDLE_IDENTIFIER = com.sample.GitTestUITests;
				PRODUCT_NAME = "$(TARGET_NAME)";
				STRING_CATALOG_GENERATE_SYMBOLS = NO;
				SWIFT_APPROACHABLE_CONCURRENCY = YES;
				SWIFT_EMIT_LOC_STRINGS = NO;
				SWIFT_UPCOMING_FEATURE_MEMBER_IMPORT_VISIBILITY = YES;
				SWIFT_VERSION = 5.0;
				TARGETED_DEVICE_FAMILY = "1,2";
				TEST_TARGET_NAME = GitTest;
			};
			name = Debug;
		};
		C9D5FEA62F4C3A8300BA777F /* Release */ = {
			isa = XCBuildConfiguration;
			buildSettings = {
				CODE_SIGN_STYLE = Automatic;
				CURRENT_PROJECT_VERSION = 1;
				DEVELOPMENT_TEAM = AHAH2953SS;
				GENERATE_INFOPLIST_FILE = YES;
				MARKETING_VERSION = 1.0;
				PRODUCT_BUNDLE_IDENTIFIER = com.sample.GitTestUITests;
				PRODUCT_NAME = "$(TARGET_NAME)";
				STRING_CATALOG_GENERATE_SYMBOLS = NO;
				SWIFT_APPROACHABLE_CONCURRENCY = YES;
				SWIFT_EMIT_LOC_STRINGS = NO;
				SWIFT_UPCOMING_FEATURE_MEMBER_IMPORT_VISIBILITY = YES;
				SWIFT_VERSION = 5.0;
				TARGETED_DEVICE_FAMILY = "1,2";
				TEST_TARGET_NAME = GitTest;
			};
			name = Release;
		};
/* End XCBuildConfiguration section */

/* Begin XCConfigurationList section */
		C9D5FE6B2F4C3A8000BA777F /* Build configuration list for PBXProject "GitTest" */ = {
			isa = XCConfigurationList;
			buildConfigurations = (
				C9D5FE9F2F4C3A8300BA777F /* Debug */,
				C9D5FEA02F4C3A8300BA777F /* Release */,
			);
			defaultConfigurationIsVisible = 0;
			defaultConfigurationName = Release;
		};
		C9D5FE9C2F4C3A8300BA777F /* Build configuration list for PBXNativeTarget "GitTest" */ = {
			isa = XCConfigurationList;
			buildConfigurations = (
				C9D5FE9D2F4C3A8300BA777F /* Debug */,
				C9D5FE9E2F4C3A8300BA777F /* Release */,
			);
			defaultConfigurationIsVisible = 0;
			defaultConfigurationName = Release;
		};
		C9D5FEA12F4C3A8300BA777F /* Build configuration list for PBXNativeTarget "GitTestTests" */ = {
			isa = XCConfigurationList;
			buildConfigurations = (
				C9D5FEA22F4C3A8300BA777F /* Debug */,
				C9D5FEA32F4C3A8300BA777F /* Release */,
			);
			defaultConfigurationIsVisible = 0;
			defaultConfigurationName = Release;
		};
		C9D5FEA42F4C3A8300BA777F /* Build configuration list for PBXNativeTarget "GitTestUITests" */ = {
			isa = XCConfigurationList;
			buildConfigurations = (
				C9D5FEA52F4C3A8300BA777F /* Debug */,
				C9D5FEA62F4C3A8300BA777F /* Release */,
			);
			defaultConfigurationIsVisible = 0;
			defaultConfigurationName = Release;
		};
/* End XCConfigurationList section */
	};
	rootObject = C9D5FE682F4C3A8000BA777F /* Project object */;
}
